lockfileVersion: '6.1'

settings:
  autoInstallPeers: true
  excludeLinksFromLockfile: false

dependencies:
  '@azure/openai':
    specifier: 1.0.0-beta.4
    version: 1.0.0-beta.4

packages:

  /@azure-rest/core-client@1.1.4:
    resolution: {integrity: sha512-RUIQOA8T0WcbNlddr8hjl2MuC5GVRqmMwPXqBVsgvdKesLy+eg3y/6nf3qe2fvcJMI1gF6VtgU5U4hRaR4w4ag==}
    engines: {node: '>=14.0.0'}
    dependencies:
      '@azure/abort-controller': 1.1.0
      '@azure/core-auth': 1.5.0
      '@azure/core-rest-pipeline': 1.12.0
      '@azure/core-tracing': 1.0.1
      '@azure/core-util': 1.4.0
      tslib: 2.6.2
    transitivePeerDependencies:
      - supports-color
    dev: false

  /@azure/abort-controller@1.1.0:
    resolution: {integrity: sha512-TrRLIoSQVzfAJX9H1JeFjzAoDGcoK1IYX1UImfceTZpsyYfWr09Ss1aHW1y5TrrR3iq6RZLBwJ3E24uwPhwahw==}
    engines: {node: '>=12.0.0'}
    dependencies:
      tslib: 2.6.2
    dev: false

  /@azure/core-auth@1.5.0:
    resolution: {integrity: sha512-udzoBuYG1VBoHVohDTrvKjyzel34zt77Bhp7dQntVGGD0ehVq48owENbBG8fIgkHRNUBQH5k1r0hpoMu5L8+kw==}
    engines: {node: '>=14.0.0'}
    dependencies:
      '@azure/abort-controller': 1.1.0
      '@azure/core-util': 1.4.0
      tslib: 2.6.2
    dev: false

  /@azure/core-lro@2.5.4:
    resolution: {integrity: sha512-3GJiMVH7/10bulzOKGrrLeG/uCBH/9VtxqaMcB9lIqAeamI/xYQSHJL/KcsLDuH+yTjYpro/u6D/MuRe4dN70Q==}
    engines: {node: '>=14.0.0'}
    dependencies:
      '@azure/abort-controller': 1.1.0
      '@azure/core-util': 1.4.0
      '@azure/logger': 1.0.4
      tslib: 2.6.2
    dev: false

  /@azure/core-rest-pipeline@1.12.0:
    resolution: {integrity: sha512-+MnSB0vGZjszSzr5AW8z93/9fkDu2RLtWmAN8gskURq7EW2sSwqy8jZa0V26rjuBVkwhdA3Hw8z3VWoeBUOw+A==}
    engines: {node: '>=14.0.0'}
    dependencies:
      '@azure/abort-controller': 1.1.0
      '@azure/core-auth': 1.5.0
      '@azure/core-tracing': 1.0.1
      '@azure/core-util': 1.4.0
      '@azure/logger': 1.0.4
      form-data: 4.0.0
      http-proxy-agent: 5.0.0
      https-proxy-agent: 5.0.1
      tslib: 2.6.2
    transitivePeerDependencies:
      - supports-color
    dev: false

  /@azure/core-tracing@1.0.1:
    resolution: {integrity: sha512-I5CGMoLtX+pI17ZdiFJZgxMJApsK6jjfm85hpgp3oazCdq5Wxgh4wMr7ge/TTWW1B5WBuvIOI1fMU/FrOAMKrw==}
    engines: {node: '>=12.0.0'}
    dependencies:
      tslib: 2.6.2
    dev: false

  /@azure/core-util@1.4.0:
    resolution: {integrity: sha512-eGAyJpm3skVQoLiRqm/xPa+SXi/NPDdSHMxbRAz2lSprd+Zs+qrpQGQQ2VQ3Nttu+nSZR4XoYQC71LbEI7jsig==}
    engines: {node: '>=14.0.0'}
    dependencies:
      '@azure/abort-controller': 1.1.0
      tslib: 2.6.2
    dev: false

  /@azure/logger@1.0.4:
    resolution: {integrity: sha512-ustrPY8MryhloQj7OWGe+HrYx+aoiOxzbXTtgblbV3xwCqpzUK36phH3XNHQKj3EPonyFUuDTfR3qFhTEAuZEg==}
    engines: {node: '>=14.0.0'}
    dependencies:
      tslib: 2.6.2
    dev: false

  /@azure/openai@1.0.0-beta.4:
    resolution: {integrity: sha512-C6NXL/PLPBoVlc5MuhBWGDeJ0OifswP5xwEqbMb2jcrOmRSaGQZffLTDV7D06Jlc8ZJ+qjOBxHHJqLEd2kqS7w==}
    engines: {node: '>=14.0.0'}
    dependencies:
      '@azure-rest/core-client': 1.1.4
      '@azure/core-auth': 1.5.0
      '@azure/core-lro': 2.5.4
      '@azure/core-rest-pipeline': 1.12.0
      '@azure/logger': 1.0.4
      tslib: 2.6.2
    transitivePeerDependencies:
      - supports-color
    dev: false

  /@tootallnate/once@2.0.0:
    resolution: {integrity: sha512-XCuKFP5PS55gnMVu3dty8KPatLqUoy/ZYzDzAGCQ8JNFCkLXzmI7vNHCR+XpbZaMWQK/vQubr7PkYq8g470J/A==}
    engines: {node: '>= 10'}
    dev: false

  /agent-base@6.0.2:
    resolution: {integrity: sha512-RZNwNclF7+MS/8bDg70amg32dyeZGZxiDuQmZxKLAlQjr3jGyLx+4Kkk58UO7D2QdgFIQCovuSuZESne6RG6XQ==}
    engines: {node: '>= 6.0.0'}
    dependencies:
      debug: 4.3.4
    transitivePeerDependencies:
      - supports-color
    dev: false

  /asynckit@0.4.0:
    resolution: {integrity: sha512-Oei9OH4tRh0YqU3GxhX79dM/mwVgvbZJaSNaRk+bshkj0S5cfHcgYakreBjrHwatXKbz+IoIdYLxrKim2MjW0Q==}
    dev: false

  /combined-stream@1.0.8:
    resolution: {integrity: sha512-FQN4MRfuJeHf7cBbBMJFXhKSDq+2kAArBlmRBvcvFE5BB1HZKXtSFASDhdlz9zOYwxh8lDdnvmMOe/+5cdoEdg==}
    engines: {node: '>= 0.8'}
    dependencies:
      delayed-stream: 1.0.0
    dev: false

  /debug@4.3.4:
    resolution: {integrity: sha512-PRWFHuSU3eDtQJPvnNY7Jcket1j0t5OuOsFzPPzsekD52Zl8qUfFIPEiswXqIvHWGVHOgX+7G/vCNNhehwxfkQ==}
    engines: {node: '>=6.0'}
    peerDependencies:
      supports-color: '*'
    peerDependenciesMeta:
      supports-color:
        optional: true
    dependencies:
      ms: 2.1.2
    dev: false

  /delayed-stream@1.0.0:
    resolution: {integrity: sha512-ZySD7Nf91aLB0RxL4KGrKHBXl7Eds1DAmEdcoVawXnLD7SDhpNgtuII2aAkg7a7QS41jxPSZ17p4VdGnMHk3MQ==}
    engines: {node: '>=0.4.0'}
    dev: false

  /form-data@4.0.0:
    resolution: {integrity: sha512-ETEklSGi5t0QMZuiXoA/Q6vcnxcLQP5vdugSpuAyi6SVGi2clPPp+xgEhuMaHC+zGgn31Kd235W35f7Hykkaww==}
    engines: {node: '>= 6'}
    dependencies:
      asynckit: 0.4.0
      combined-stream: 1.0.8
      mime-types: 2.1.35
    dev: false

  /http-proxy-agent@5.0.0:
    resolution: {integrity: sha512-n2hY8YdoRE1i7r6M0w9DIw5GgZN0G25P8zLCRQ8rjXtTU3vsNFBI/vWK/UIeE6g5MUUz6avwAPXmL6Fy9D/90w==}
    engines: {node: '>= 6'}
    dependencies:
      '@tootallnate/once': 2.0.0
      agent-base: 6.0.2
      debug: 4.3.4
    transitivePeerDependencies:
      - supports-color
    dev: false

  /https-proxy-agent@5.0.1:
    resolution: {integrity: sha512-dFcAjpTQFgoLMzC2VwU+C/CbS7uRL0lWmxDITmqm7C+7F0Odmj6s9l6alZc6AELXhrnggM2CeWSXHGOdX2YtwA==}
    engines: {node: '>= 6'}
    dependencies:
      agent-base: 6.0.2
      debug: 4.3.4
    transitivePeerDependencies:
      - supports-color
    dev: false

  /mime-db@1.52.0:
    resolution: {integrity: sha512-sPU4uV7dYlvtWJxwwxHD0PuihVNiE7TyAbQ5SWxDCB9mUYvOgroQOwYQQOKPJ8CIbE+1ETVlOoK1UC2nU3gYvg==}
    engines: {node: '>= 0.6'}
    dev: false

  /mime-types@2.1.35:
    resolution: {integrity: sha512-ZDY+bPm5zTTF+YpCrAU9nK0UgICYPT0QtT1NZWFv4s++TNkcgVaT0g6+4R2uI4MjQjzysHB1zxuWL50hzaeXiw==}
    engines: {node: '>= 0.6'}
    dependencies:
      mime-db: 1.52.0
    dev: false

  /ms@2.1.2:
    resolution: {integrity: sha512-sGkPx+VjMtmA6MX27oA4FBFELFCZZ4S4XqeGOXCv68tT+jb3vk/RyaKWP0PTKyWtmLSM0b+adUTEvbs1PEaH2w==}
    dev: false

  /tslib@2.6.2:
    resolution: {integrity: sha512-AEYxH93jGFPn/a2iVAwW87VuUIkR1FVUKB77NwMF7nBTDkDrrT/Hpt/IrCJ0QXhW27jTBDcf5ZY7w6RiqTMw2Q==}
    dev: false
